// !$*UTF8*$!
{
	archiveVersion = 1;
	classes = {
	};
	objectVersion = 55;
	objects = {

/* Begin PBXBuildFile section */
		0123B45B27D823E900DCE209 /* CustomToggleStyle.swift in Sources */ = {isa = PBXBuildFile; fileRef = 0123B45A27D823E900DCE209 /* CustomToggleStyle.swift */; };
		0123B45D27D8A58400DCE209 /* InitialHelpScreen.swift in Sources */ = {isa = PBXBuildFile; fileRef = 0123B45C27D8A58400DCE209 /* InitialHelpScreen.swift */; };
		0123B45F27D927CD00DCE209 /* AveragePerInstrumentView.swift in Sources */ = {isa = PBXBuildFile; fileRef = 0123B45E27D927CC00DCE209 /* AveragePerInstrumentView.swift */; };
		0123B46127D92A4900DCE209 /* AveragePerInstrumentViewModel.swift in Sources */ = {isa = PBXBuildFile; fileRef = 0123B46027D92A4900DCE209 /* AveragePerInstrumentViewModel.swift */; };
		0123B46327D97A5300DCE209 /* UIApplicationExtensions.swift in Sources */ = {isa = PBXBuildFile; fileRef = 0123B46227D97A5300DCE209 /* UIApplicationExtensions.swift */; };
		014ED84527C0E6B900705AF0 /* AverageView.swift in Sources */ = {isa = PBXBuildFile; fileRef = 014ED84427C0E6B900705AF0 /* AverageView.swift */; };
		0180675D27C029C300EAD6F9 /* PrettyCell.swift in Sources */ = {isa = PBXBuildFile; fileRef = 0180675C27C029C300EAD6F9 /* PrettyCell.swift */; };
		018B7A6027B5BDF400068F7F /* WageApp.swift in Sources */ = {isa = PBXBuildFile; fileRef = 018B7A5F27B5BDF400068F7F /* WageApp.swift */; };
		018B7A6227B5BDF400068F7F /* MainView.swift in Sources */ = {isa = PBXBuildFile; fileRef = 018B7A6127B5BDF400068F7F /* MainView.swift */; };
		018B7A6427B5BDF500068F7F /* Assets.xcassets in Resources */ = {isa = PBXBuildFile; fileRef = 018B7A6327B5BDF500068F7F /* Assets.xcassets */; };
		018B7A6727B5BDF500068F7F /* Preview Assets.xcassets in Resources */ = {isa = PBXBuildFile; fileRef = 018B7A6627B5BDF500068F7F /* Preview Assets.xcassets */; };
		018B7A6927B5BDF500068F7F /* Persistence.swift in Sources */ = {isa = PBXBuildFile; fileRef = 018B7A6827B5BDF500068F7F /* Persistence.swift */; };
		018B7A6C27B5BDF500068F7F /* Wage.xcdatamodeld in Sources */ = {isa = PBXBuildFile; fileRef = 018B7A6A27B5BDF500068F7F /* Wage.xcdatamodeld */; };
		018B7A7627B5BDF500068F7F /* WageTests.swift in Sources */ = {isa = PBXBuildFile; fileRef = 018B7A7527B5BDF500068F7F /* WageTests.swift */; };
		018B7A8027B5BDF500068F7F /* WageUITests.swift in Sources */ = {isa = PBXBuildFile; fileRef = 018B7A7F27B5BDF500068F7F /* WageUITests.swift */; };
		018B7A8227B5BDF500068F7F /* WageUITestsLaunchTests.swift in Sources */ = {isa = PBXBuildFile; fileRef = 018B7A8127B5BDF500068F7F /* WageUITestsLaunchTests.swift */; };
		0190918427B71B7B00B84AED /* WageFile.swift in Sources */ = {isa = PBXBuildFile; fileRef = 0190918327B71B7B00B84AED /* WageFile.swift */; };
		0190918627B7B13400B84AED /* WageFileLoader.swift in Sources */ = {isa = PBXBuildFile; fileRef = 0190918527B7B13400B84AED /* WageFileLoader.swift */; };
		0190918827B7D14300B84AED /* Filtering.swift in Sources */ = {isa = PBXBuildFile; fileRef = 0190918727B7D14300B84AED /* Filtering.swift */; };
		0190918A27B7D1CF00B84AED /* FilterOptions.swift in Sources */ = {isa = PBXBuildFile; fileRef = 0190918927B7D1CF00B84AED /* FilterOptions.swift */; };
		0190918E27B80E4D00B84AED /* WageObjectCreator.swift in Sources */ = {isa = PBXBuildFile; fileRef = 0190918D27B80E4D00B84AED /* WageObjectCreator.swift */; };
		0190919027B8300900B84AED /* User.swift in Sources */ = {isa = PBXBuildFile; fileRef = 0190918F27B8300900B84AED /* User.swift */; };
		0190919227B831A200B84AED /* WagesListView.swift in Sources */ = {isa = PBXBuildFile; fileRef = 0190919127B831A200B84AED /* WagesListView.swift */; };
		0190919427B831E300B84AED /* ToolBarView.swift in Sources */ = {isa = PBXBuildFile; fileRef = 0190919327B831E300B84AED /* ToolBarView.swift */; };
		0190919627B8320800B84AED /* AddObjectView.swift in Sources */ = {isa = PBXBuildFile; fileRef = 0190919527B8320800B84AED /* AddObjectView.swift */; };
		0190919827B8325100B84AED /* FilterView.swift in Sources */ = {isa = PBXBuildFile; fileRef = 0190919727B8325100B84AED /* FilterView.swift */; };
		0190919B27B835E600B84AED /* UserView.swift in Sources */ = {isa = PBXBuildFile; fileRef = 0190919A27B835E600B84AED /* UserView.swift */; };
		0190919D27B84E5A00B84AED /* UserCreator.swift in Sources */ = {isa = PBXBuildFile; fileRef = 0190919C27B84E5A00B84AED /* UserCreator.swift */; };
		0190919F27BA72B200B84AED /* Network.swift in Sources */ = {isa = PBXBuildFile; fileRef = 0190919E27BA72B200B84AED /* Network.swift */; };
		019091A127BA76AB00B84AED /* GoogleService-Info.plist in Resources */ = {isa = PBXBuildFile; fileRef = 019091A027BA76AB00B84AED /* GoogleService-Info.plist */; };
		019091A327BB2D7400B84AED /* HelpView.swift in Sources */ = {isa = PBXBuildFile; fileRef = 019091A227BB2D7400B84AED /* HelpView.swift */; };
		019091A527BBD25300B84AED /* AverageCalculator.swift in Sources */ = {isa = PBXBuildFile; fileRef = 019091A427BBD25300B84AED /* AverageCalculator.swift */; };
		019091A727BC36C300B84AED /* DependencyRouter.swift in Sources */ = {isa = PBXBuildFile; fileRef = 019091A627BC36C300B84AED /* DependencyRouter.swift */; };
		019091A927BE449A00B84AED /* Spinner.swift in Sources */ = {isa = PBXBuildFile; fileRef = 019091A827BE449900B84AED /* Spinner.swift */; };
		019091AD27BE7CF200B84AED /* RangeSlider.swift in Sources */ = {isa = PBXBuildFile; fileRef = 019091AC27BE7CF200B84AED /* RangeSlider.swift */; };
		019A9C9427C2AD79006415EF /* AddRandomEntries.swift in Sources */ = {isa = PBXBuildFile; fileRef = 019A9C9327C2AD79006415EF /* AddRandomEntries.swift */; };
		019A9C9727C2CABD006415EF /* NotificationExtensions.swift in Sources */ = {isa = PBXBuildFile; fileRef = 019A9C9627C2CABD006415EF /* NotificationExtensions.swift */; };
		01A883B527D3F8880076BC1C /* NavigationBarExtensions.swift in Sources */ = {isa = PBXBuildFile; fileRef = 01A883B427D3F8880076BC1C /* NavigationBarExtensions.swift */; };
		01A8843327D6660B0076BC1C /* TODO in Resources */ = {isa = PBXBuildFile; fileRef = 01A8843227D6660B0076BC1C /* TODO */; };
		2E1E670BF02770792902FF5B /* Pods_Wage.framework in Frameworks */ = {isa = PBXBuildFile; fileRef = 12F3D47C73F54D01202245DF /* Pods_Wage.framework */; };
		AC03DA03DF0209C6AFDD43F0 /* Pods_Wage_WageUITests.framework in Frameworks */ = {isa = PBXBuildFile; fileRef = A4BAA79CCB178C7BE6AC0F40 /* Pods_Wage_WageUITests.framework */; };
		C08DE643DABED681E1B10C08 /* Pods_WageTests.framework in Frameworks */ = {isa = PBXBuildFile; fileRef = 89677E9050F03A2AF064DAF4 /* Pods_WageTests.framework */; };
/* End PBXBuildFile section */

/* Begin PBXContainerItemProxy section */
		018B7A7227B5BDF500068F7F /* PBXContainerItemProxy */ = {
			isa = PBXContainerItemProxy;
			containerPortal = 018B7A5427B5BDF400068F7F /* Project object */;
			proxyType = 1;
			remoteGlobalIDString = 018B7A5B27B5BDF400068F7F;
			remoteInfo = Wage;
		};
		018B7A7C27B5BDF500068F7F /* PBXContainerItemProxy */ = {
			isa = PBXContainerItemProxy;
			containerPortal = 018B7A5427B5BDF400068F7F /* Project object */;
			proxyType = 1;
			remoteGlobalIDString = 018B7A5B27B5BDF400068F7F;
			remoteInfo = Wage;
		};
/* End PBXContainerItemProxy section */

/* Begin PBXFileReference section */
		0123B45A27D823E900DCE209 /* CustomToggleStyle.swift */ = {isa = PBXFileReference; lastKnownFileType = sourcecode.swift; path = CustomToggleStyle.swift; sourceTree = "<group>"; };
		0123B45C27D8A58400DCE209 /* InitialHelpScreen.swift */ = {isa = PBXFileReference; lastKnownFileType = sourcecode.swift; path = InitialHelpScreen.swift; sourceTree = "<group>"; };
		0123B45E27D927CC00DCE209 /* AveragePerInstrumentView.swift */ = {isa = PBXFileReference; lastKnownFileType = sourcecode.swift; path = AveragePerInstrumentView.swift; sourceTree = "<group>"; };
		0123B46027D92A4900DCE209 /* AveragePerInstrumentViewModel.swift */ = {isa = PBXFileReference; lastKnownFileType = sourcecode.swift; path = AveragePerInstrumentViewModel.swift; sourceTree = "<group>"; };
		0123B46227D97A5300DCE209 /* UIApplicationExtensions.swift */ = {isa = PBXFileReference; lastKnownFileType = sourcecode.swift; path = UIApplicationExtensions.swift; sourceTree = "<group>"; };
		014ED84427C0E6B900705AF0 /* AverageView.swift */ = {isa = PBXFileReference; lastKnownFileType = sourcecode.swift; path = AverageView.swift; sourceTree = "<group>"; };
		014ED84627C0E83A00705AF0 /* Wage.entitlements */ = {isa = PBXFileReference; lastKnownFileType = text.plist.entitlements; path = Wage.entitlements; sourceTree = "<group>"; };
		0180675C27C029C300EAD6F9 /* PrettyCell.swift */ = {isa = PBXFileReference; lastKnownFileType = sourcecode.swift; path = PrettyCell.swift; sourceTree = "<group>"; };
		018B7A5C27B5BDF400068F7F /* Wage.app */ = {isa = PBXFileReference; explicitFileType = wrapper.application; includeInIndex = 0; path = Wage.app; sourceTree = BUILT_PRODUCTS_DIR; };
		018B7A5F27B5BDF400068F7F /* WageApp.swift */ = {isa = PBXFileReference; lastKnownFileType = sourcecode.swift; path = WageApp.swift; sourceTree = "<group>"; };
		018B7A6127B5BDF400068F7F /* MainView.swift */ = {isa = PBXFileReference; lastKnownFileType = sourcecode.swift; path = MainView.swift; sourceTree = "<group>"; };
		018B7A6327B5BDF500068F7F /* Assets.xcassets */ = {isa = PBXFileReference; lastKnownFileType = folder.assetcatalog; path = Assets.xcassets; sourceTree = "<group>"; };
		018B7A6627B5BDF500068F7F /* Preview Assets.xcassets */ = {isa = PBXFileReference; lastKnownFileType = folder.assetcatalog; path = "Preview Assets.xcassets"; sourceTree = "<group>"; };
		018B7A6827B5BDF500068F7F /* Persistence.swift */ = {isa = PBXFileReference; lastKnownFileType = sourcecode.swift; path = Persistence.swift; sourceTree = "<group>"; };
		018B7A6B27B5BDF500068F7F /* Wage.xcdatamodel */ = {isa = PBXFileReference; lastKnownFileType = wrapper.xcdatamodel; path = Wage.xcdatamodel; sourceTree = "<group>"; };
		018B7A7127B5BDF500068F7F /* WageTests.xctest */ = {isa = PBXFileReference; explicitFileType = wrapper.cfbundle; includeInIndex = 0; path = WageTests.xctest; sourceTree = BUILT_PRODUCTS_DIR; };
		018B7A7527B5BDF500068F7F /* WageTests.swift */ = {isa = PBXFileReference; lastKnownFileType = sourcecode.swift; path = WageTests.swift; sourceTree = "<group>"; };
		018B7A7B27B5BDF500068F7F /* WageUITests.xctest */ = {isa = PBXFileReference; explicitFileType = wrapper.cfbundle; includeInIndex = 0; path = WageUITests.xctest; sourceTree = BUILT_PRODUCTS_DIR; };
		018B7A7F27B5BDF500068F7F /* WageUITests.swift */ = {isa = PBXFileReference; lastKnownFileType = sourcecode.swift; path = WageUITests.swift; sourceTree = "<group>"; };
		018B7A8127B5BDF500068F7F /* WageUITestsLaunchTests.swift */ = {isa = PBXFileReference; lastKnownFileType = sourcecode.swift; path = WageUITestsLaunchTests.swift; sourceTree = "<group>"; };
		0190918327B71B7B00B84AED /* WageFile.swift */ = {isa = PBXFileReference; lastKnownFileType = sourcecode.swift; path = WageFile.swift; sourceTree = "<group>"; };
		0190918527B7B13400B84AED /* WageFileLoader.swift */ = {isa = PBXFileReference; lastKnownFileType = sourcecode.swift; path = WageFileLoader.swift; sourceTree = "<group>"; };
		0190918727B7D14300B84AED /* Filtering.swift */ = {isa = PBXFileReference; lastKnownFileType = sourcecode.swift; path = Filtering.swift; sourceTree = "<group>"; };
		0190918927B7D1CF00B84AED /* FilterOptions.swift */ = {isa = PBXFileReference; lastKnownFileType = sourcecode.swift; path = FilterOptions.swift; sourceTree = "<group>"; };
		0190918D27B80E4D00B84AED /* WageObjectCreator.swift */ = {isa = PBXFileReference; lastKnownFileType = sourcecode.swift; path = WageObjectCreator.swift; sourceTree = "<group>"; };
		0190918F27B8300900B84AED /* User.swift */ = {isa = PBXFileReference; lastKnownFileType = sourcecode.swift; path = User.swift; sourceTree = "<group>"; };
		0190919127B831A200B84AED /* WagesListView.swift */ = {isa = PBXFileReference; lastKnownFileType = sourcecode.swift; path = WagesListView.swift; sourceTree = "<group>"; };
		0190919327B831E300B84AED /* ToolBarView.swift */ = {isa = PBXFileReference; lastKnownFileType = sourcecode.swift; path = ToolBarView.swift; sourceTree = "<group>"; };
		0190919527B8320800B84AED /* AddObjectView.swift */ = {isa = PBXFileReference; lastKnownFileType = sourcecode.swift; path = AddObjectView.swift; sourceTree = "<group>"; };
		0190919727B8325100B84AED /* FilterView.swift */ = {isa = PBXFileReference; lastKnownFileType = sourcecode.swift; path = FilterView.swift; sourceTree = "<group>"; };
		0190919A27B835E600B84AED /* UserView.swift */ = {isa = PBXFileReference; lastKnownFileType = sourcecode.swift; path = UserView.swift; sourceTree = "<group>"; };
		0190919C27B84E5A00B84AED /* UserCreator.swift */ = {isa = PBXFileReference; lastKnownFileType = sourcecode.swift; path = UserCreator.swift; sourceTree = "<group>"; };
		0190919E27BA72B200B84AED /* Network.swift */ = {isa = PBXFileReference; lastKnownFileType = sourcecode.swift; path = Network.swift; sourceTree = "<group>"; };
		019091A027BA76AB00B84AED /* GoogleService-Info.plist */ = {isa = PBXFileReference; fileEncoding = 4; lastKnownFileType = text.plist.xml; path = "GoogleService-Info.plist"; sourceTree = "<group>"; };
		019091A227BB2D7400B84AED /* HelpView.swift */ = {isa = PBXFileReference; lastKnownFileType = sourcecode.swift; path = HelpView.swift; sourceTree = "<group>"; };
		019091A427BBD25300B84AED /* AverageCalculator.swift */ = {isa = PBXFileReference; lastKnownFileType = sourcecode.swift; path = AverageCalculator.swift; sourceTree = "<group>"; };
		019091A627BC36C300B84AED /* DependencyRouter.swift */ = {isa = PBXFileReference; lastKnownFileType = sourcecode.swift; path = DependencyRouter.swift; sourceTree = "<group>"; };
		019091A827BE449900B84AED /* Spinner.swift */ = {isa = PBXFileReference; lastKnownFileType = sourcecode.swift; path = Spinner.swift; sourceTree = "<group>"; };
		019091AC27BE7CF200B84AED /* RangeSlider.swift */ = {isa = PBXFileReference; lastKnownFileType = sourcecode.swift; path = RangeSlider.swift; sourceTree = "<group>"; };
		019A9C9327C2AD79006415EF /* AddRandomEntries.swift */ = {isa = PBXFileReference; lastKnownFileType = sourcecode.swift; path = AddRandomEntries.swift; sourceTree = "<group>"; };
		019A9C9627C2CABD006415EF /* NotificationExtensions.swift */ = {isa = PBXFileReference; lastKnownFileType = sourcecode.swift; path = NotificationExtensions.swift; sourceTree = "<group>"; };
		01A883B427D3F8880076BC1C /* NavigationBarExtensions.swift */ = {isa = PBXFileReference; lastKnownFileType = sourcecode.swift; path = NavigationBarExtensions.swift; sourceTree = "<group>"; };
		01A8843127D665A20076BC1C /* Info.plist */ = {isa = PBXFileReference; lastKnownFileType = text.plist; path = Info.plist; sourceTree = "<group>"; };
		01A8843227D6660B0076BC1C /* TODO */ = {isa = PBXFileReference; lastKnownFileType = text; path = TODO; sourceTree = "<group>"; };
		02B109C1D32E8B5C4745987C /* Pods-Wage.release.xcconfig */ = {isa = PBXFileReference; includeInIndex = 1; lastKnownFileType = text.xcconfig; name = "Pods-Wage.release.xcconfig"; path = "Target Support Files/Pods-Wage/Pods-Wage.release.xcconfig"; sourceTree = "<group>"; };
		0EF2791A2EC626EF7EEE7FEC /* Pods-WageTests.release.xcconfig */ = {isa = PBXFileReference; includeInIndex = 1; lastKnownFileType = text.xcconfig; name = "Pods-WageTests.release.xcconfig"; path = "Target Support Files/Pods-WageTests/Pods-WageTests.release.xcconfig"; sourceTree = "<group>"; };
		12F3D47C73F54D01202245DF /* Pods_Wage.framework */ = {isa = PBXFileReference; explicitFileType = wrapper.framework; includeInIndex = 0; path = Pods_Wage.framework; sourceTree = BUILT_PRODUCTS_DIR; };
		561D2D6C46B36B8B347937EA /* Pods-WageTests.debug.xcconfig */ = {isa = PBXFileReference; includeInIndex = 1; lastKnownFileType = text.xcconfig; name = "Pods-WageTests.debug.xcconfig"; path = "Target Support Files/Pods-WageTests/Pods-WageTests.debug.xcconfig"; sourceTree = "<group>"; };
		721B3905A0AC4404F652E03E /* Pods-Wage-WageUITests.debug.xcconfig */ = {isa = PBXFileReference; includeInIndex = 1; lastKnownFileType = text.xcconfig; name = "Pods-Wage-WageUITests.debug.xcconfig"; path = "Target Support Files/Pods-Wage-WageUITests/Pods-Wage-WageUITests.debug.xcconfig"; sourceTree = "<group>"; };
		89677E9050F03A2AF064DAF4 /* Pods_WageTests.framework */ = {isa = PBXFileReference; explicitFileType = wrapper.framework; includeInIndex = 0; path = Pods_WageTests.framework; sourceTree = BUILT_PRODUCTS_DIR; };
		A4BAA79CCB178C7BE6AC0F40 /* Pods_Wage_WageUITests.framework */ = {isa = PBXFileReference; explicitFileType = wrapper.framework; includeInIndex = 0; path = Pods_Wage_WageUITests.framework; sourceTree = BUILT_PRODUCTS_DIR; };
		C71C20E0ED358F492525585F /* Pods-Wage-WageUITests.release.xcconfig */ = {isa = PBXFileReference; includeInIndex = 1; lastKnownFileType = text.xcconfig; name = "Pods-Wage-WageUITests.release.xcconfig"; path = "Target Support Files/Pods-Wage-WageUITests/Pods-Wage-WageUITests.release.xcconfig"; sourceTree = "<group>"; };
		EE24F749DF139C55063BC3A3 /* Pods-Wage.debug.xcconfig */ = {isa = PBXFileReference; includeInIndex = 1; lastKnownFileType = text.xcconfig; name = "Pods-Wage.debug.xcconfig"; path = "Target Support Files/Pods-Wage/Pods-Wage.debug.xcconfig"; sourceTree = "<group>"; };
/* End PBXFileReference section */

/* Begin PBXFrameworksBuildPhase section */
		018B7A5927B5BDF400068F7F /* Frameworks */ = {
			isa = PBXFrameworksBuildPhase;
			buildActionMask = 2147483647;
			files = (
				2E1E670BF02770792902FF5B /* Pods_Wage.framework in Frameworks */,
			);
			runOnlyForDeploymentPostprocessing = 0;
		};
		018B7A6E27B5BDF500068F7F /* Frameworks */ = {
			isa = PBXFrameworksBuildPhase;
			buildActionMask = 2147483647;
			files = (
				C08DE643DABED681E1B10C08 /* Pods_WageTests.framework in Frameworks */,
			);
			runOnlyForDeploymentPostprocessing = 0;
		};
		018B7A7827B5BDF500068F7F /* Frameworks */ = {
			isa = PBXFrameworksBuildPhase;
			buildActionMask = 2147483647;
			files = (
				AC03DA03DF0209C6AFDD43F0 /* Pods_Wage_WageUITests.framework in Frameworks */,
			);
			runOnlyForDeploymentPostprocessing = 0;
		};
/* End PBXFrameworksBuildPhase section */

/* Begin PBXGroup section */
		0123B46427DA8E5C00DCE209 /* Utility */ = {
			isa = PBXGroup;
			children = (
				0190919E27BA72B200B84AED /* Network.swift */,
				018B7A6827B5BDF500068F7F /* Persistence.swift */,
				019091A627BC36C300B84AED /* DependencyRouter.swift */,
				019A9C9327C2AD79006415EF /* AddRandomEntries.swift */,
			);
			path = Utility;
			sourceTree = "<group>";
		};
		0123B46527DA8EC900DCE209 /* WageListView */ = {
			isa = PBXGroup;
			children = (
				0190919127B831A200B84AED /* WagesListView.swift */,
				0190919327B831E300B84AED /* ToolBarView.swift */,
				019091AC27BE7CF200B84AED /* RangeSlider.swift */,
				0180675C27C029C300EAD6F9 /* PrettyCell.swift */,
				0123B45A27D823E900DCE209 /* CustomToggleStyle.swift */,
			);
			path = WageListView;
			sourceTree = "<group>";
		};
		0123B46627DA8EFF00DCE209 /* MainView */ = {
			isa = PBXGroup;
			children = (
				0123B45C27D8A58400DCE209 /* InitialHelpScreen.swift */,
				018B7A6127B5BDF400068F7F /* MainView.swift */,
				019091A827BE449900B84AED /* Spinner.swift */,
			);
			path = MainView;
			sourceTree = "<group>";
		};
		0123B46727DA8F1B00DCE209 /* UserView */ = {
			isa = PBXGroup;
			children = (
				0190919A27B835E600B84AED /* UserView.swift */,
			);
			path = UserView;
			sourceTree = "<group>";
		};
		0123B46827DA8F2500DCE209 /* AverageView */ = {
			isa = PBXGroup;
			children = (
				014ED84427C0E6B900705AF0 /* AverageView.swift */,
			);
			path = AverageView;
			sourceTree = "<group>";
		};
		0123B46927DA8F3200DCE209 /* AveragePerInstrument */ = {
			isa = PBXGroup;
			children = (
				0123B45E27D927CC00DCE209 /* AveragePerInstrumentView.swift */,
			);
			path = AveragePerInstrument;
			sourceTree = "<group>";
		};
		0123B46A27DA8F4A00DCE209 /* HelpView */ = {
			isa = PBXGroup;
			children = (
				019091A227BB2D7400B84AED /* HelpView.swift */,
			);
			path = HelpView;
			sourceTree = "<group>";
		};
		0123B46B27DA8F6500DCE209 /* WageListViewModel */ = {
			isa = PBXGroup;
			children = (
				0190918527B7B13400B84AED /* WageFileLoader.swift */,
			);
			path = WageListViewModel;
			sourceTree = "<group>";
		};
		0123B46C27DA8F8600DCE209 /* UserViewModel */ = {
			isa = PBXGroup;
			children = (
				0190919C27B84E5A00B84AED /* UserCreator.swift */,
			);
			path = UserViewModel;
			sourceTree = "<group>";
		};
		0123B46D27DA8FA200DCE209 /* AverageViewModel */ = {
			isa = PBXGroup;
			children = (
				019091A427BBD25300B84AED /* AverageCalculator.swift */,
			);
			path = AverageViewModel;
			sourceTree = "<group>";
		};
		0123B46E27DA8FAD00DCE209 /* AveragePerInstrumentViewModel */ = {
			isa = PBXGroup;
			children = (
				0123B46027D92A4900DCE209 /* AveragePerInstrumentViewModel.swift */,
			);
			path = AveragePerInstrumentViewModel;
			sourceTree = "<group>";
		};
		0123B46F27DA8FBD00DCE209 /* FilteringViewModel */ = {
			isa = PBXGroup;
			children = (
				0190918727B7D14300B84AED /* Filtering.swift */,
			);
			path = FilteringViewModel;
			sourceTree = "<group>";
		};
		0123B47027DA8FE200DCE209 /* FilterView */ = {
			isa = PBXGroup;
			children = (
				0190919727B8325100B84AED /* FilterView.swift */,
			);
			path = FilterView;
			sourceTree = "<group>";
		};
		0123B47127DA900500DCE209 /* AddObjectView */ = {
			isa = PBXGroup;
			children = (
				0190919527B8320800B84AED /* AddObjectView.swift */,
			);
			path = AddObjectView;
			sourceTree = "<group>";
		};
		0123B47227DA901800DCE209 /* AddObjectViewModel */ = {
			isa = PBXGroup;
			children = (
				0190918D27B80E4D00B84AED /* WageObjectCreator.swift */,
			);
			path = AddObjectViewModel;
			sourceTree = "<group>";
		};
		018B7A5327B5BDF400068F7F = {
			isa = PBXGroup;
			children = (
				018B7A5E27B5BDF400068F7F /* Wage */,
				018B7A7427B5BDF500068F7F /* WageTests */,
				018B7A7E27B5BDF500068F7F /* WageUITests */,
				018B7A5D27B5BDF400068F7F /* Products */,
				2771C9EA507647439E49DCB4 /* Pods */,
				7E036F478A5538A372B37589 /* Frameworks */,
			);
			sourceTree = "<group>";
		};
		018B7A5D27B5BDF400068F7F /* Products */ = {
			isa = PBXGroup;
			children = (
				018B7A5C27B5BDF400068F7F /* Wage.app */,
				018B7A7127B5BDF500068F7F /* WageTests.xctest */,
				018B7A7B27B5BDF500068F7F /* WageUITests.xctest */,
			);
			name = Products;
			sourceTree = "<group>";
		};
		018B7A5E27B5BDF400068F7F /* Wage */ = {
			isa = PBXGroup;
			children = (
				019A9C9527C2CAAF006415EF /* Extensions */,
				0123B46427DA8E5C00DCE209 /* Utility */,
				0190919927B832E800B84AED /* Views */,
				0190918B27B8050700B84AED /* Model */,
				0190918C27B8051400B84AED /* ViewModel */,
				01A8843227D6660B0076BC1C /* TODO */,
				01A8843127D665A20076BC1C /* Info.plist */,
				014ED84627C0E83A00705AF0 /* Wage.entitlements */,
				019091A027BA76AB00B84AED /* GoogleService-Info.plist */,
				018B7A5F27B5BDF400068F7F /* WageApp.swift */,
				018B7A6327B5BDF500068F7F /* Assets.xcassets */,
				018B7A6A27B5BDF500068F7F /* Wage.xcdatamodeld */,
				018B7A6527B5BDF500068F7F /* Preview Content */,
			);
			path = Wage;
			sourceTree = "<group>";
		};
		018B7A6527B5BDF500068F7F /* Preview Content */ = {
			isa = PBXGroup;
			children = (
				018B7A6627B5BDF500068F7F /* Preview Assets.xcassets */,
			);
			path = "Preview Content";
			sourceTree = "<group>";
		};
		018B7A7427B5BDF500068F7F /* WageTests */ = {
			isa = PBXGroup;
			children = (
				018B7A7527B5BDF500068F7F /* WageTests.swift */,
			);
			path = WageTests;
			sourceTree = "<group>";
		};
		018B7A7E27B5BDF500068F7F /* WageUITests */ = {
			isa = PBXGroup;
			children = (
				018B7A7F27B5BDF500068F7F /* WageUITests.swift */,
				018B7A8127B5BDF500068F7F /* WageUITestsLaunchTests.swift */,
			);
			path = WageUITests;
			sourceTree = "<group>";
		};
		0190918B27B8050700B84AED /* Model */ = {
			isa = PBXGroup;
			children = (
				0190918327B71B7B00B84AED /* WageFile.swift */,
				0190918927B7D1CF00B84AED /* FilterOptions.swift */,
				0190918F27B8300900B84AED /* User.swift */,
			);
			path = Model;
			sourceTree = "<group>";
		};
		0190918C27B8051400B84AED /* ViewModel */ = {
			isa = PBXGroup;
			children = (
				0123B47227DA901800DCE209 /* AddObjectViewModel */,
				0123B46B27DA8F6500DCE209 /* WageListViewModel */,
				0123B46F27DA8FBD00DCE209 /* FilteringViewModel */,
				0123B46C27DA8F8600DCE209 /* UserViewModel */,
				0123B46D27DA8FA200DCE209 /* AverageViewModel */,
				0123B46E27DA8FAD00DCE209 /* AveragePerInstrumentViewModel */,
			);
			path = ViewModel;
			sourceTree = "<group>";
		};
		0190919927B832E800B84AED /* Views */ = {
			isa = PBXGroup;
			children = (
				0123B47127DA900500DCE209 /* AddObjectView */,
				0123B47027DA8FE200DCE209 /* FilterView */,
				0123B46A27DA8F4A00DCE209 /* HelpView */,
				0123B46527DA8EC900DCE209 /* WageListView */,
				0123B46627DA8EFF00DCE209 /* MainView */,
				0123B46727DA8F1B00DCE209 /* UserView */,
				0123B46827DA8F2500DCE209 /* AverageView */,
				0123B46927DA8F3200DCE209 /* AveragePerInstrument */,
			);
			path = Views;
			sourceTree = "<group>";
		};
		019A9C9527C2CAAF006415EF /* Extensions */ = {
			isa = PBXGroup;
			children = (
				019A9C9627C2CABD006415EF /* NotificationExtensions.swift */,
				01A883B427D3F8880076BC1C /* NavigationBarExtensions.swift */,
				0123B46227D97A5300DCE209 /* UIApplicationExtensions.swift */,
			);
			path = Extensions;
			sourceTree = "<group>";
		};
		2771C9EA507647439E49DCB4 /* Pods */ = {
			isa = PBXGroup;
			children = (
				EE24F749DF139C55063BC3A3 /* Pods-Wage.debug.xcconfig */,
				02B109C1D32E8B5C4745987C /* Pods-Wage.release.xcconfig */,
				721B3905A0AC4404F652E03E /* Pods-Wage-WageUITests.debug.xcconfig */,
				C71C20E0ED358F492525585F /* Pods-Wage-WageUITests.release.xcconfig */,
				561D2D6C46B36B8B347937EA /* Pods-WageTests.debug.xcconfig */,
				0EF2791A2EC626EF7EEE7FEC /* Pods-WageTests.release.xcconfig */,
			);
			path = Pods;
			sourceTree = "<group>";
		};
		7E036F478A5538A372B37589 /* Frameworks */ = {
			isa = PBXGroup;
			children = (
				12F3D47C73F54D01202245DF /* Pods_Wage.framework */,
				A4BAA79CCB178C7BE6AC0F40 /* Pods_Wage_WageUITests.framework */,
				89677E9050F03A2AF064DAF4 /* Pods_WageTests.framework */,
			);
			name = Frameworks;
			sourceTree = "<group>";
		};
/* End PBXGroup section */

/* Begin PBXNativeTarget section */
		018B7A5B27B5BDF400068F7F /* Wage */ = {
			isa = PBXNativeTarget;
			buildConfigurationList = 018B7A8527B5BDF500068F7F /* Build configuration list for PBXNativeTarget "Wage" */;
			buildPhases = (
				6D83AF7F9B7F9532FAE0508E /* [CP] Check Pods Manifest.lock */,
				018B7A5827B5BDF400068F7F /* Sources */,
				018B7A5927B5BDF400068F7F /* Frameworks */,
				018B7A5A27B5BDF400068F7F /* Resources */,
				06417B78A6A4D14AB94E1102 /* [CP] Embed Pods Frameworks */,
			);
			buildRules = (
			);
			dependencies = (
			);
			name = Wage;
			productName = Wage;
			productReference = 018B7A5C27B5BDF400068F7F /* Wage.app */;
			productType = "com.apple.product-type.application";
		};
		018B7A7027B5BDF500068F7F /* WageTests */ = {
			isa = PBXNativeTarget;
			buildConfigurationList = 018B7A8827B5BDF500068F7F /* Build configuration list for PBXNativeTarget "WageTests" */;
			buildPhases = (
				71CC86F3586E22EEDF1EA5BC /* [CP] Check Pods Manifest.lock */,
				018B7A6D27B5BDF500068F7F /* Sources */,
				018B7A6E27B5BDF500068F7F /* Frameworks */,
				018B7A6F27B5BDF500068F7F /* Resources */,
			);
			buildRules = (
			);
			dependencies = (
				018B7A7327B5BDF500068F7F /* PBXTargetDependency */,
			);
			name = WageTests;
			productName = WageTests;
			productReference = 018B7A7127B5BDF500068F7F /* WageTests.xctest */;
			productType = "com.apple.product-type.bundle.unit-test";
		};
		018B7A7A27B5BDF500068F7F /* WageUITests */ = {
			isa = PBXNativeTarget;
			buildConfigurationList = 018B7A8B27B5BDF500068F7F /* Build configuration list for PBXNativeTarget "WageUITests" */;
			buildPhases = (
				19F24A4DC58F7DCC61C3F556 /* [CP] Check Pods Manifest.lock */,
				018B7A7727B5BDF500068F7F /* Sources */,
				018B7A7827B5BDF500068F7F /* Frameworks */,
				018B7A7927B5BDF500068F7F /* Resources */,
				0F22C31F1F94917E552E181B /* [CP] Embed Pods Frameworks */,
			);
			buildRules = (
			);
			dependencies = (
				018B7A7D27B5BDF500068F7F /* PBXTargetDependency */,
			);
			name = WageUITests;
			productName = WageUITests;
			productReference = 018B7A7B27B5BDF500068F7F /* WageUITests.xctest */;
			productType = "com.apple.product-type.bundle.ui-testing";
		};
/* End PBXNativeTarget section */

/* Begin PBXProject section */
		018B7A5427B5BDF400068F7F /* Project object */ = {
			isa = PBXProject;
			attributes = {
				BuildIndependentTargetsInParallel = 1;
				LastSwiftUpdateCheck = 1320;
				LastUpgradeCheck = 1320;
				TargetAttributes = {
					018B7A5B27B5BDF400068F7F = {
						CreatedOnToolsVersion = 13.2;
					};
					018B7A7027B5BDF500068F7F = {
						CreatedOnToolsVersion = 13.2;
						TestTargetID = 018B7A5B27B5BDF400068F7F;
					};
					018B7A7A27B5BDF500068F7F = {
						CreatedOnToolsVersion = 13.2;
						TestTargetID = 018B7A5B27B5BDF400068F7F;
					};
				};
			};
			buildConfigurationList = 018B7A5727B5BDF400068F7F /* Build configuration list for PBXProject "Wage" */;
			compatibilityVersion = "Xcode 13.0";
			developmentRegion = en;
			hasScannedForEncodings = 0;
			knownRegions = (
				en,
				Base,
			);
			mainGroup = 018B7A5327B5BDF400068F7F;
			productRefGroup = 018B7A5D27B5BDF400068F7F /* Products */;
			projectDirPath = "";
			projectRoot = "";
			targets = (
				018B7A5B27B5BDF400068F7F /* Wage */,
				018B7A7027B5BDF500068F7F /* WageTests */,
				018B7A7A27B5BDF500068F7F /* WageUITests */,
			);
		};
/* End PBXProject section */

/* Begin PBXResourcesBuildPhase section */
		018B7A5A27B5BDF400068F7F /* Resources */ = {
			isa = PBXResourcesBuildPhase;
			buildActionMask = 2147483647;
			files = (
				018B7A6727B5BDF500068F7F /* Preview Assets.xcassets in Resources */,
				018B7A6427B5BDF500068F7F /* Assets.xcassets in Resources */,
				01A8843327D6660B0076BC1C /* TODO in Resources */,
				019091A127BA76AB00B84AED /* GoogleService-Info.plist in Resources */,
			);
			runOnlyForDeploymentPostprocessing = 0;
		};
		018B7A6F27B5BDF500068F7F /* Resources */ = {
			isa = PBXResourcesBuildPhase;
			buildActionMask = 2147483647;
			files = (
			);
			runOnlyForDeploymentPostprocessing = 0;
		};
		018B7A7927B5BDF500068F7F /* Resources */ = {
			isa = PBXResourcesBuildPhase;
			buildActionMask = 2147483647;
			files = (
			);
			runOnlyForDeploymentPostprocessing = 0;
		};
/* End PBXResourcesBuildPhase section */

/* Begin PBXShellScriptBuildPhase section */
		06417B78A6A4D14AB94E1102 /* [CP] Embed Pods Frameworks */ = {
			isa = PBXShellScriptBuildPhase;
			buildActionMask = 2147483647;
			files = (
			);
			inputFileListPaths = (
				"${PODS_ROOT}/Target Support Files/Pods-Wage/Pods-Wage-frameworks-${CONFIGURATION}-input-files.xcfilelist",
			);
			name = "[CP] Embed Pods Frameworks";
			outputFileListPaths = (
				"${PODS_ROOT}/Target Support Files/Pods-Wage/Pods-Wage-frameworks-${CONFIGURATION}-output-files.xcfilelist",
			);
			runOnlyForDeploymentPostprocessing = 0;
			shellPath = /bin/sh;
			shellScript = "\"${PODS_ROOT}/Target Support Files/Pods-Wage/Pods-Wage-frameworks.sh\"\n";
			showEnvVarsInLog = 0;
		};
		0F22C31F1F94917E552E181B /* [CP] Embed Pods Frameworks */ = {
			isa = PBXShellScriptBuildPhase;
			buildActionMask = 2147483647;
			files = (
			);
			inputFileListPaths = (
				"${PODS_ROOT}/Target Support Files/Pods-Wage-WageUITests/Pods-Wage-WageUITests-frameworks-${CONFIGURATION}-input-files.xcfilelist",
			);
			name = "[CP] Embed Pods Frameworks";
			outputFileListPaths = (
				"${PODS_ROOT}/Target Support Files/Pods-Wage-WageUITests/Pods-Wage-WageUITests-frameworks-${CONFIGURATION}-output-files.xcfilelist",
			);
			runOnlyForDeploymentPostprocessing = 0;
			shellPath = /bin/sh;
			shellScript = "\"${PODS_ROOT}/Target Support Files/Pods-Wage-WageUITests/Pods-Wage-WageUITests-frameworks.sh\"\n";
			showEnvVarsInLog = 0;
		};
		19F24A4DC58F7DCC61C3F556 /* [CP] Check Pods Manifest.lock */ = {
			isa = PBXShellScriptBuildPhase;
			buildActionMask = 2147483647;
			files = (
			);
			inputFileListPaths = (
			);
			inputPaths = (
				"${PODS_PODFILE_DIR_PATH}/Podfile.lock",
				"${PODS_ROOT}/Manifest.lock",
			);
			name = "[CP] Check Pods Manifest.lock";
			outputFileListPaths = (
			);
			outputPaths = (
				"$(DERIVED_FILE_DIR)/Pods-Wage-WageUITests-checkManifestLockResult.txt",
			);
			runOnlyForDeploymentPostprocessing = 0;
			shellPath = /bin/sh;
			shellScript = "diff \"${PODS_PODFILE_DIR_PATH}/Podfile.lock\" \"${PODS_ROOT}/Manifest.lock\" > /dev/null\nif [ $? != 0 ] ; then\n    # print error to STDERR\n    echo \"error: The sandbox is not in sync with the Podfile.lock. Run 'pod install' or update your CocoaPods installation.\" >&2\n    exit 1\nfi\n# This output is used by Xcode 'outputs' to avoid re-running this script phase.\necho \"SUCCESS\" > \"${SCRIPT_OUTPUT_FILE_0}\"\n";
			showEnvVarsInLog = 0;
		};
		6D83AF7F9B7F9532FAE0508E /* [CP] Check Pods Manifest.lock */ = {
			isa = PBXShellScriptBuildPhase;
			buildActionMask = 2147483647;
			files = (
			);
			inputFileListPaths = (
			);
			inputPaths = (
				"${PODS_PODFILE_DIR_PATH}/Podfile.lock",
				"${PODS_ROOT}/Manifest.lock",
			);
			name = "[CP] Check Pods Manifest.lock";
			outputFileListPaths = (
			);
			outputPaths = (
				"$(DERIVED_FILE_DIR)/Pods-Wage-checkManifestLockResult.txt",
			);
			runOnlyForDeploymentPostprocessing = 0;
			shellPath = /bin/sh;
			shellScript = "diff \"${PODS_PODFILE_DIR_PATH}/Podfile.lock\" \"${PODS_ROOT}/Manifest.lock\" > /dev/null\nif [ $? != 0 ] ; then\n    # print error to STDERR\n    echo \"error: The sandbox is not in sync with the Podfile.lock. Run 'pod install' or update your CocoaPods installation.\" >&2\n    exit 1\nfi\n# This output is used by Xcode 'outputs' to avoid re-running this script phase.\necho \"SUCCESS\" > \"${SCRIPT_OUTPUT_FILE_0}\"\n";
			showEnvVarsInLog = 0;
		};
		71CC86F3586E22EEDF1EA5BC /* [CP] Check Pods Manifest.lock */ = {
			isa = PBXShellScriptBuildPhase;
			buildActionMask = 2147483647;
			files = (
			);
			inputFileListPaths = (
			);
			inputPaths = (
				"${PODS_PODFILE_DIR_PATH}/Podfile.lock",
				"${PODS_ROOT}/Manifest.lock",
			);
			name = "[CP] Check Pods Manifest.lock";
			outputFileListPaths = (
			);
			outputPaths = (
				"$(DERIVED_FILE_DIR)/Pods-WageTests-checkManifestLockResult.txt",
			);
			runOnlyForDeploymentPostprocessing = 0;
			shellPath = /bin/sh;
			shellScript = "diff \"${PODS_PODFILE_DIR_PATH}/Podfile.lock\" \"${PODS_ROOT}/Manifest.lock\" > /dev/null\nif [ $? != 0 ] ; then\n    # print error to STDERR\n    echo \"error: The sandbox is not in sync with the Podfile.lock. Run 'pod install' or update your CocoaPods installation.\" >&2\n    exit 1\nfi\n# This output is used by Xcode 'outputs' to avoid re-running this script phase.\necho \"SUCCESS\" > \"${SCRIPT_OUTPUT_FILE_0}\"\n";
			showEnvVarsInLog = 0;
		};
/* End PBXShellScriptBuildPhase section */

/* Begin PBXSourcesBuildPhase section */
		018B7A5827B5BDF400068F7F /* Sources */ = {
			isa = PBXSourcesBuildPhase;
			buildActionMask = 2147483647;
			files = (
				0190919827B8325100B84AED /* FilterView.swift in Sources */,
				0190918A27B7D1CF00B84AED /* FilterOptions.swift in Sources */,
				0190918827B7D14300B84AED /* Filtering.swift in Sources */,
				0190919627B8320800B84AED /* AddObjectView.swift in Sources */,
				0190918627B7B13400B84AED /* WageFileLoader.swift in Sources */,
				0123B45D27D8A58400DCE209 /* InitialHelpScreen.swift in Sources */,
				0123B46127D92A4900DCE209 /* AveragePerInstrumentViewModel.swift in Sources */,
				019091A727BC36C300B84AED /* DependencyRouter.swift in Sources */,
				0180675D27C029C300EAD6F9 /* PrettyCell.swift in Sources */,
				0190918E27B80E4D00B84AED /* WageObjectCreator.swift in Sources */,
				01A883B527D3F8880076BC1C /* NavigationBarExtensions.swift in Sources */,
				018B7A6927B5BDF500068F7F /* Persistence.swift in Sources */,
				0190919B27B835E600B84AED /* UserView.swift in Sources */,
				019A9C9727C2CABD006415EF /* NotificationExtensions.swift in Sources */,
				0190919227B831A200B84AED /* WagesListView.swift in Sources */,
				019091A927BE449A00B84AED /* Spinner.swift in Sources */,
				0190919427B831E300B84AED /* ToolBarView.swift in Sources */,
				0190919F27BA72B200B84AED /* Network.swift in Sources */,
				018B7A6C27B5BDF500068F7F /* Wage.xcdatamodeld in Sources */,
				0190919D27B84E5A00B84AED /* UserCreator.swift in Sources */,
				0123B45F27D927CD00DCE209 /* AveragePerInstrumentView.swift in Sources */,
				019091A327BB2D7400B84AED /* HelpView.swift in Sources */,
				019A9C9427C2AD79006415EF /* AddRandomEntries.swift in Sources */,
				019091AD27BE7CF200B84AED /* RangeSlider.swift in Sources */,
				014ED84527C0E6B900705AF0 /* AverageView.swift in Sources */,
				018B7A6227B5BDF400068F7F /* MainView.swift in Sources */,
				0123B46327D97A5300DCE209 /* UIApplicationExtensions.swift in Sources */,
				019091A527BBD25300B84AED /* AverageCalculator.swift in Sources */,
				0123B45B27D823E900DCE209 /* CustomToggleStyle.swift in Sources */,
				018B7A6027B5BDF400068F7F /* WageApp.swift in Sources */,
				0190919027B8300900B84AED /* User.swift in Sources */,
				0190918427B71B7B00B84AED /* WageFile.swift in Sources */,
			);
			runOnlyForDeploymentPostprocessing = 0;
		};
		018B7A6D27B5BDF500068F7F /* Sources */ = {
			isa = PBXSourcesBuildPhase;
			buildActionMask = 2147483647;
			files = (
				018B7A7627B5BDF500068F7F /* WageTests.swift in Sources */,
			);
			runOnlyForDeploymentPostprocessing = 0;
		};
		018B7A7727B5BDF500068F7F /* Sources */ = {
			isa = PBXSourcesBuildPhase;
			buildActionMask = 2147483647;
			files = (
				018B7A8227B5BDF500068F7F /* WageUITestsLaunchTests.swift in Sources */,
				018B7A8027B5BDF500068F7F /* WageUITests.swift in Sources */,
			);
			runOnlyForDeploymentPostprocessing = 0;
		};
/* End PBXSourcesBuildPhase section */

/* Begin PBXTargetDependency section */
		018B7A7327B5BDF500068F7F /* PBXTargetDependency */ = {
			isa = PBXTargetDependency;
			target = 018B7A5B27B5BDF400068F7F /* Wage */;
			targetProxy = 018B7A7227B5BDF500068F7F /* PBXContainerItemProxy */;
		};
		018B7A7D27B5BDF500068F7F /* PBXTargetDependency */ = {
			isa = PBXTargetDependency;
			target = 018B7A5B27B5BDF400068F7F /* Wage */;
			targetProxy = 018B7A7C27B5BDF500068F7F /* PBXContainerItemProxy */;
		};
/* End PBXTargetDependency section */

/* Begin XCBuildConfiguration section */
		018B7A8327B5BDF500068F7F /* Debug */ = {
			isa = XCBuildConfiguration;
			buildSettings = {
				ALWAYS_SEARCH_USER_PATHS = NO;
				CLANG_ANALYZER_NONNULL = YES;
				CLANG_ANALYZER_NUMBER_OBJECT_CONVERSION = YES_AGGRESSIVE;
				CLANG_CXX_LANGUAGE_STANDARD = "gnu++17";
				CLANG_CXX_LIBRARY = "libc++";
				CLANG_ENABLE_MODULES = YES;
				CLANG_ENABLE_OBJC_ARC = YES;
				CLANG_ENABLE_OBJC_WEAK = YES;
				CLANG_WARN_BLOCK_CAPTURE_AUTORELEASING = YES;
				CLANG_WARN_BOOL_CONVERSION = YES;
				CLANG_WARN_COMMA = YES;
				CLANG_WARN_CONSTANT_CONVERSION = YES;
				CLANG_WARN_DEPRECATED_OBJC_IMPLEMENTATIONS = YES;
				CLANG_WARN_DIRECT_OBJC_ISA_USAGE = YES_ERROR;
				CLANG_WARN_DOCUMENTATION_COMMENTS = YES;
				CLANG_WARN_EMPTY_BODY = YES;
				CLANG_WARN_ENUM_CONVERSION = YES;
				CLANG_WARN_INFINITE_RECURSION = YES;
				CLANG_WARN_INT_CONVERSION = YES;
				CLANG_WARN_NON_LITERAL_NULL_CONVERSION = YES;
				CLANG_WARN_OBJC_IMPLICIT_RETAIN_SELF = YES;
				CLANG_WARN_OBJC_LITERAL_CONVERSION = YES;
				CLANG_WARN_OBJC_ROOT_CLASS = YES_ERROR;
				CLANG_WARN_QUOTED_INCLUDE_IN_FRAMEWORK_HEADER = YES;
				CLANG_WARN_RANGE_LOOP_ANALYSIS = YES;
				CLANG_WARN_STRICT_PROTOTYPES = YES;
				CLANG_WARN_SUSPICIOUS_MOVE = YES;
				CLANG_WARN_UNGUARDED_AVAILABILITY = YES_AGGRESSIVE;
				CLANG_WARN_UNREACHABLE_CODE = YES;
				CLANG_WARN__DUPLICATE_METHOD_MATCH = YES;
				COPY_PHASE_STRIP = NO;
				DEBUG_INFORMATION_FORMAT = dwarf;
				ENABLE_STRICT_OBJC_MSGSEND = YES;
				ENABLE_TESTABILITY = YES;
				GCC_C_LANGUAGE_STANDARD = gnu11;
				GCC_DYNAMIC_NO_PIC = NO;
				GCC_NO_COMMON_BLOCKS = YES;
				GCC_OPTIMIZATION_LEVEL = 0;
				GCC_PREPROCESSOR_DEFINITIONS = (
					"DEBUG=1",
					"$(inherited)",
				);
				GCC_WARN_64_TO_32_BIT_CONVERSION = YES;
				GCC_WARN_ABOUT_RETURN_TYPE = YES_ERROR;
				GCC_WARN_UNDECLARED_SELECTOR = YES;
				GCC_WARN_UNINITIALIZED_AUTOS = YES_AGGRESSIVE;
				GCC_WARN_UNUSED_FUNCTION = YES;
				GCC_WARN_UNUSED_VARIABLE = YES;
				IPHONEOS_DEPLOYMENT_TARGET = 15.2;
				MTL_ENABLE_DEBUG_INFO = INCLUDE_SOURCE;
				MTL_FAST_MATH = YES;
				ONLY_ACTIVE_ARCH = YES;
				SDKROOT = iphoneos;
				SWIFT_ACTIVE_COMPILATION_CONDITIONS = DEBUG;
				SWIFT_OPTIMIZATION_LEVEL = "-Onone";
			};
			name = Debug;
		};
		018B7A8427B5BDF500068F7F /* Release */ = {
			isa = XCBuildConfiguration;
			buildSettings = {
				ALWAYS_SEARCH_USER_PATHS = NO;
				CLANG_ANALYZER_NONNULL = YES;
				CLANG_ANALYZER_NUMBER_OBJECT_CONVERSION = YES_AGGRESSIVE;
				CLANG_CXX_LANGUAGE_STANDARD = "gnu++17";
				CLANG_CXX_LIBRARY = "libc++";
				CLANG_ENABLE_MODULES = YES;
				CLANG_ENABLE_OBJC_ARC = YES;
				CLANG_ENABLE_OBJC_WEAK = YES;
				CLANG_WARN_BLOCK_CAPTURE_AUTORELEASING = YES;
				CLANG_WARN_BOOL_CONVERSION = YES;
				CLANG_WARN_COMMA = YES;
				CLANG_WARN_CONSTANT_CONVERSION = YES;
				CLANG_WARN_DEPRECATED_OBJC_IMPLEMENTATIONS = YES;
				CLANG_WARN_DIRECT_OBJC_ISA_USAGE = YES_ERROR;
				CLANG_WARN_DOCUMENTATION_COMMENTS = YES;
				CLANG_WARN_EMPTY_BODY = YES;
				CLANG_WARN_ENUM_CONVERSION = YES;
				CLANG_WARN_INFINITE_RECURSION = YES;
				CLANG_WARN_INT_CONVERSION = YES;
				CLANG_WARN_NON_LITERAL_NULL_CONVERSION = YES;
				CLANG_WARN_OBJC_IMPLICIT_RETAIN_SELF = YES;
				CLANG_WARN_OBJC_LITERAL_CONVERSION = YES;
				CLANG_WARN_OBJC_ROOT_CLASS = YES_ERROR;
				CLANG_WARN_QUOTED_INCLUDE_IN_FRAMEWORK_HEADER = YES;
				CLANG_WARN_RANGE_LOOP_ANALYSIS = YES;
				CLANG_WARN_STRICT_PROTOTYPES = YES;
				CLANG_WARN_SUSPICIOUS_MOVE = YES;
				CLANG_WARN_UNGUARDED_AVAILABILITY = YES_AGGRESSIVE;
				CLANG_WARN_UNREACHABLE_CODE = YES;
				CLANG_WARN__DUPLICATE_METHOD_MATCH = YES;
				COPY_PHASE_STRIP = NO;
				DEBUG_INFORMATION_FORMAT = "dwarf-with-dsym";
				ENABLE_NS_ASSERTIONS = NO;
				ENABLE_STRICT_OBJC_MSGSEND = YES;
				GCC_C_LANGUAGE_STANDARD = gnu11;
				GCC_NO_COMMON_BLOCKS = YES;
				GCC_WARN_64_TO_32_BIT_CONVERSION = YES;
				GCC_WARN_ABOUT_RETURN_TYPE = YES_ERROR;
				GCC_WARN_UNDECLARED_SELECTOR = YES;
				GCC_WARN_UNINITIALIZED_AUTOS = YES_AGGRESSIVE;
				GCC_WARN_UNUSED_FUNCTION = YES;
				GCC_WARN_UNUSED_VARIABLE = YES;
				IPHONEOS_DEPLOYMENT_TARGET = 15.2;
				MTL_ENABLE_DEBUG_INFO = NO;
				MTL_FAST_MATH = YES;
				SDKROOT = iphoneos;
				SWIFT_COMPILATION_MODE = wholemodule;
				SWIFT_OPTIMIZATION_LEVEL = "-O";
				VALIDATE_PRODUCT = YES;
			};
			name = Release;
		};
		018B7A8627B5BDF500068F7F /* Debug */ = {
			isa = XCBuildConfiguration;
			baseConfigurationReference = EE24F749DF139C55063BC3A3 /* Pods-Wage.debug.xcconfig */;
			buildSettings = {
				ASSETCATALOG_COMPILER_APPICON_NAME = AppIcon;
				ASSETCATALOG_COMPILER_GLOBAL_ACCENT_COLOR_NAME = AccentColor;
				CODE_SIGN_ENTITLEMENTS = Wage/Wage.entitlements;
				CODE_SIGN_STYLE = Automatic;
				CURRENT_PROJECT_VERSION = 9;
				DEVELOPMENT_ASSET_PATHS = "\"Wage/Preview Content\"";
				DEVELOPMENT_TEAM = F97FE5Z68U;
				ENABLE_PREVIEWS = YES;
				GENERATE_INFOPLIST_FILE = YES;
				INFOPLIST_FILE = Wage/Info.plist;
				INFOPLIST_KEY_LSApplicationCategoryType = "public.app-category.finance";
				INFOPLIST_KEY_UIApplicationSceneManifest_Generation = YES;
				INFOPLIST_KEY_UIApplicationSupportsIndirectInputEvents = YES;
				INFOPLIST_KEY_UILaunchScreen_Generation = YES;
				INFOPLIST_KEY_UISupportedInterfaceOrientations_iPad = "UIInterfaceOrientationPortrait UIInterfaceOrientationPortraitUpsideDown UIInterfaceOrientationLandscapeLeft UIInterfaceOrientationLandscapeRight";
				INFOPLIST_KEY_UISupportedInterfaceOrientations_iPhone = "UIInterfaceOrientationPortrait UIInterfaceOrientationLandscapeLeft UIInterfaceOrientationLandscapeRight";
				INFOPLIST_KEY_UIUserInterfaceStyle = Light;
				IPHONEOS_DEPLOYMENT_TARGET = 15.0;
				LD_RUNPATH_SEARCH_PATHS = (
					"$(inherited)",
					"@executable_path/Frameworks",
				);
				MARKETING_VERSION = 0.81;
				PRODUCT_BUNDLE_IDENTIFIER = nl.patrickrugebregt.Wage;
				PRODUCT_NAME = "$(TARGET_NAME)";
				SUPPORTS_MACCATALYST = NO;
				SWIFT_EMIT_LOC_STRINGS = YES;
				SWIFT_VERSION = 5.0;
				TARGETED_DEVICE_FAMILY = "1,2";
			};
			name = Debug;
		};
		018B7A8727B5BDF500068F7F /* Release */ = {
			isa = XCBuildConfiguration;
			baseConfigurationReference = 02B109C1D32E8B5C4745987C /* Pods-Wage.release.xcconfig */;
			buildSettings = {
				ASSETCATALOG_COMPILER_APPICON_NAME = AppIcon;
				ASSETCATALOG_COMPILER_GLOBAL_ACCENT_COLOR_NAME = AccentColor;
				CODE_SIGN_ENTITLEMENTS = Wage/Wage.entitlements;
				CODE_SIGN_STYLE = Automatic;
				CURRENT_PROJECT_VERSION = 9;
				DEVELOPMENT_ASSET_PATHS = "\"Wage/Preview Content\"";
				DEVELOPMENT_TEAM = F97FE5Z68U;
				ENABLE_PREVIEWS = YES;
				GENERATE_INFOPLIST_FILE = YES;
				INFOPLIST_FILE = Wage/Info.plist;
				INFOPLIST_KEY_LSApplicationCategoryType = "public.app-category.finance";
				INFOPLIST_KEY_UIApplicationSceneManifest_Generation = YES;
				INFOPLIST_KEY_UIApplicationSupportsIndirectInputEvents = YES;
				INFOPLIST_KEY_UILaunchScreen_Generation = YES;
				INFOPLIST_KEY_UISupportedInterfaceOrientations_iPad = "UIInterfaceOrientationPortrait UIInterfaceOrientationPortraitUpsideDown UIInterfaceOrientationLandscapeLeft UIInterfaceOrientationLandscapeRight";
				INFOPLIST_KEY_UISupportedInterfaceOrientations_iPhone = "UIInterfaceOrientationPortrait UIInterfaceOrientationLandscapeLeft UIInterfaceOrientationLandscapeRight";
				INFOPLIST_KEY_UIUserInterfaceStyle = Light;
				IPHONEOS_DEPLOYMENT_TARGET = 15.0;
				LD_RUNPATH_SEARCH_PATHS = (
					"$(inherited)",
					"@executable_path/Frameworks",
				);
				MARKETING_VERSION = 0.81;
				ONLY_ACTIVE_ARCH = NO;
				PRODUCT_BUNDLE_IDENTIFIER = nl.patrickrugebregt.Wage;
				PRODUCT_NAME = "$(TARGET_NAME)";
				SUPPORTS_MACCATALYST = NO;
				SWIFT_EMIT_LOC_STRINGS = YES;
				SWIFT_VERSION = 5.0;
				TARGETED_DEVICE_FAMILY = "1,2";
			};
			name = Release;
		};
		018B7A8927B5BDF500068F7F /* Debug */ = {
			isa = XCBuildConfiguration;
			baseConfigurationReference = 561D2D6C46B36B8B347937EA /* Pods-WageTests.debug.xcconfig */;
			buildSettings = {
				ALWAYS_EMBED_SWIFT_STANDARD_LIBRARIES = YES;
				BUNDLE_LOADER = "$(TEST_HOST)";
				CODE_SIGN_STYLE = Automatic;
				CURRENT_PROJECT_VERSION = 1;
				DEVELOPMENT_TEAM = F97FE5Z68U;
				GENERATE_INFOPLIST_FILE = YES;
				IPHONEOS_DEPLOYMENT_TARGET = 15.2;
				MARKETING_VERSION = 1.0;
				PRODUCT_BUNDLE_IDENTIFIER = nl.patrickrugebregt.WageTests;
				PRODUCT_NAME = "$(TARGET_NAME)";
				SWIFT_EMIT_LOC_STRINGS = NO;
				SWIFT_VERSION = 5.0;
				TARGETED_DEVICE_FAMILY = "1,2";
				TEST_HOST = "$(BUILT_PRODUCTS_DIR)/Wage.app/Wage";
			};
			name = Debug;
		};
		018B7A8A27B5BDF500068F7F /* Release */ = {
			isa = XCBuildConfiguration;
			baseConfigurationReference = 0EF2791A2EC626EF7EEE7FEC /* Pods-WageTests.release.xcconfig */;
			buildSettings = {
				ALWAYS_EMBED_SWIFT_STANDARD_LIBRARIES = YES;
				BUNDLE_LOADER = "$(TEST_HOST)";
				CODE_SIGN_STYLE = Automatic;
				CURRENT_PROJECT_VERSION = 1;
				DEVELOPMENT_TEAM = F97FE5Z68U;
				GENERATE_INFOPLIST_FILE = YES;
				IPHONEOS_DEPLOYMENT_TARGET = 15.2;
				MARKETING_VERSION = 1.0;
				PRODUCT_BUNDLE_IDENTIFIER = nl.patrickrugebregt.WageTests;
				PRODUCT_NAME = "$(TARGET_NAME)";
				SWIFT_EMIT_LOC_STRINGS = NO;
				SWIFT_VERSION = 5.0;
				TARGETED_DEVICE_FAMILY = "1,2";
				TEST_HOST = "$(BUILT_PRODUCTS_DIR)/Wage.app/Wage";
			};
			name = Release;
		};
		018B7A8C27B5BDF500068F7F /* Debug */ = {
			isa = XCBuildConfiguration;
			baseConfigurationReference = 721B3905A0AC4404F652E03E /* Pods-Wage-WageUITests.debug.xcconfig */;
			buildSettings = {
				ALWAYS_EMBED_SWIFT_STANDARD_LIBRARIES = YES;
				CODE_SIGN_STYLE = Automatic;
				CURRENT_PROJECT_VERSION = 1;
				DEVELOPMENT_TEAM = F97FE5Z68U;
				GENERATE_INFOPLIST_FILE = YES;
				MARKETING_VERSION = 1.0;
				PRODUCT_BUNDLE_IDENTIFIER = nl.patrickrugebregt.WageUITests;
				PRODUCT_NAME = "$(TARGET_NAME)";
				SWIFT_EMIT_LOC_STRINGS = NO;
				SWIFT_VERSION = 5.0;
				TARGETED_DEVICE_FAMILY = "1,2";
				TEST_TARGET_NAME = Wage;
			};
			name = Debug;
		};
		018B7A8D27B5BDF500068F7F /* Release */ = {
			isa = XCBuildConfiguration;
			baseConfigurationReference = C71C20E0ED358F492525585F /* Pods-Wage-WageUITests.release.xcconfig */;
			buildSettings = {
				ALWAYS_EMBED_SWIFT_STANDARD_LIBRARIES = YES;
				CODE_SIGN_STYLE = Automatic;
				CURRENT_PROJECT_VERSION = 1;
				DEVELOPMENT_TEAM = F97FE5Z68U;
				GENERATE_INFOPLIST_FILE = YES;
				MARKETING_VERSION = 1.0;
				PRODUCT_BUNDLE_IDENTIFIER = nl.patrickrugebregt.WageUITests;
				PRODUCT_NAME = "$(TARGET_NAME)";
				SWIFT_EMIT_LOC_STRINGS = NO;
				SWIFT_VERSION = 5.0;
				TARGETED_DEVICE_FAMILY = "1,2";
				TEST_TARGET_NAME = Wage;
			};
			name = Release;
		};
/* End XCBuildConfiguration section */

/* Begin XCConfigurationList section */
		018B7A5727B5BDF400068F7F /* Build configuration list for PBXProject "Wage" */ = {
			isa = XCConfigurationList;
			buildConfigurations = (
				018B7A8327B5BDF500068F7F /* Debug */,
				018B7A8427B5BDF500068F7F /* Release */,
			);
			defaultConfigurationIsVisible = 0;
			defaultConfigurationName = Release;
		};
		018B7A8527B5BDF500068F7F /* Build configuration list for PBXNativeTarget "Wage" */ = {
			isa = XCConfigurationList;
			buildConfigurations = (
				018B7A8627B5BDF500068F7F /* Debug */,
				018B7A8727B5BDF500068F7F /* Release */,
			);
			defaultConfigurationIsVisible = 0;
			defaultConfigurationName = Release;
		};
		018B7A8827B5BDF500068F7F /* Build configuration list for PBXNativeTarget "WageTests" */ = {
			isa = XCConfigurationList;
			buildConfigurations = (
				018B7A8927B5BDF500068F7F /* Debug */,
				018B7A8A27B5BDF500068F7F /* Release */,
			);
			defaultConfigurationIsVisible = 0;
			defaultConfigurationName = Release;
		};
		018B7A8B27B5BDF500068F7F /* Build configuration list for PBXNativeTarget "WageUITests" */ = {
			isa = XCConfigurationList;
			buildConfigurations = (
				018B7A8C27B5BDF500068F7F /* Debug */,
				018B7A8D27B5BDF500068F7F /* Release */,
			);
			defaultConfigurationIsVisible = 0;
			defaultConfigurationName = Release;
		};
/* End XCConfigurationList section */

/* Begin XCVersionGroup section */
		018B7A6A27B5BDF500068F7F /* Wage.xcdatamodeld */ = {
			isa = XCVersionGroup;
			children = (
				018B7A6B27B5BDF500068F7F /* Wage.xcdatamodel */,
			);
			currentVersion = 018B7A6B27B5BDF500068F7F /* Wage.xcdatamodel */;
			path = Wage.xcdatamodeld;
			sourceTree = "<group>";
			versionGroupType = wrapper.xcdatamodel;
		};
/* End XCVersionGroup section */
	};
	rootObject = 018B7A5427B5BDF400068F7F /* Project object */;
}
